// !$*UTF8*$!
{
	archiveVersion = 1;
	classes = {
	};
	objectVersion = 48;
	objects = {

/* Begin PBXBuildFile section */
		485BC036210F475C003835D3 /* AppDelegate.m in Sources */ = {isa = PBXBuildFile; fileRef = 485BC035210F475C003835D3 /* AppDelegate.m */; };
		485BC039210F475C003835D3 /* ViewController.m in Sources */ = {isa = PBXBuildFile; fileRef = 485BC038210F475C003835D3 /* ViewController.m */; };
		485BC03C210F475C003835D3 /* Main.storyboard in Resources */ = {isa = PBXBuildFile; fileRef = 485BC03A210F475C003835D3 /* Main.storyboard */; };
		485BC03E210F475C003835D3 /* Assets.xcassets in Resources */ = {isa = PBXBuildFile; fileRef = 485BC03D210F475C003835D3 /* Assets.xcassets */; };
		485BC041210F475C003835D3 /* LaunchScreen.storyboard in Resources */ = {isa = PBXBuildFile; fileRef = 485BC03F210F475C003835D3 /* LaunchScreen.storyboard */; };
		485BC044210F475C003835D3 /* main.m in Sources */ = {isa = PBXBuildFile; fileRef = 485BC043210F475C003835D3 /* main.m */; };
		485BC04C210F4AD6003835D3 /* MapKit.framework in Frameworks */ = {isa = PBXBuildFile; fileRef = 485BC04B210F4AD6003835D3 /* MapKit.framework */; };
/* End PBXBuildFile section */

/* Begin PBXFileReference section */
		485BC031210F475C003835D3 /* testmapkit.app */ = {isa = PBXFileReference; explicitFileType = wrapper.application; includeInIndex = 0; path = testmapkit.app; sourceTree = BUILT_PRODUCTS_DIR; };
		485BC034210F475C003835D3 /* AppDelegate.h */ = {isa = PBXFileReference; lastKnownFileType = sourcecode.c.h; path = AppDelegate.h; sourceTree = "<group>"; };
		485BC035210F475C003835D3 /* AppDelegate.m */ = {isa = PBXFileReference; lastKnownFileType = sourcecode.c.objc; path = AppDelegate.m; sourceTree = "<group>"; };
		485BC037210F475C003835D3 /* ViewController.h */ = {isa = PBXFileReference; lastKnownFileType = sourcecode.c.h; path = ViewController.h; sourceTree = "<group>"; };
		485BC038210F475C003835D3 /* ViewController.m */ = {isa = PBXFileReference; lastKnownFileType = sourcecode.c.objc; path = ViewController.m; sourceTree = "<group>"; };
		485BC03B210F475C003835D3 /* Base */ = {isa = PBXFileReference; lastKnownFileType = file.storyboard; name = Base; path = Base.lproj/Main.storyboard; sourceTree = "<group>"; };
		485BC03D210F475C003835D3 /* Assets.xcassets */ = {isa = PBXFileReference; lastKnownFileType = folder.assetcatalog; path = Assets.xcassets; sourceTree = "<group>"; };
		485BC040210F475C003835D3 /* Base */ = {isa = PBXFileReference; lastKnownFileType = file.storyboard; name = Base; path = Base.lproj/LaunchScreen.storyboard; sourceTree = "<group>"; };
		485BC042210F475C003835D3 /* Info.plist */ = {isa = PBXFileReference; lastKnownFileType = text.plist.xml; path = Info.plist; sourceTree = "<group>"; };
		485BC043210F475C003835D3 /* main.m */ = {isa = PBXFileReference; lastKnownFileType = sourcecode.c.objc; path = main.m; sourceTree = "<group>"; };
		485BC04B210F4AD6003835D3 /* MapKit.framework */ = {isa = PBXFileReference; lastKnownFileType = wrapper.framework; name = MapKit.framework; path = System/Library/Frameworks/MapKit.framework; sourceTree = SDKROOT; };
/* End PBXFileReference section */

/* Begin PBXFrameworksBuildPhase section */
		485BC02E210F475C003835D3 /* Frameworks */ = {
			isa = PBXFrameworksBuildPhase;
			buildActionMask = 2147483647;
			files = (
				485BC04C210F4AD6003835D3 /* MapKit.framework in Frameworks */,
			);
			runOnlyForDeploymentPostprocessing = 0;
		};
/* End PBXFrameworksBuildPhase section */

/* Begin PBXGroup section */
		485BC028210F475C003835D3 = {
			isa = PBXGroup;
			children = (
				485BC033210F475C003835D3 /* testmapkit */,
				485BC032210F475C003835D3 /* Products */,
				485BC04A210F4AD6003835D3 /* Frameworks */,
			);
			sourceTree = "<group>";
		};
		485BC032210F475C003835D3 /* Products */ = {
			isa = PBXGroup;
			children = (
				485BC031210F475C003835D3 /* testmapkit.app */,
			);
			name = Products;
			sourceTree = "<group>";
		};
		485BC033210F475C003835D3 /* testmapkit */ = {
			isa = PBXGroup;
			children = (
				485BC034210F475C003835D3 /* AppDelegate.h */,
				485BC035210F475C003835D3 /* AppDelegate.m */,
				485BC037210F475C003835D3 /* ViewController.h */,
				485BC038210F475C003835D3 /* ViewController.m */,
				485BC03A210F475C003835D3 /* Main.storyboard */,
				485BC03D210F475C003835D3 /* Assets.xcassets */,
				485BC03F210F475C003835D3 /* LaunchScreen.storyboard */,
				485BC042210F475C003835D3 /* Info.plist */,
				485BC043210F475C003835D3 /* main.m */,
			);
			path = testmapkit;
			sourceTree = "<group>";
		};
		485BC04A210F4AD6003835D3 /* Frameworks */ = {
			isa = PBXGroup;
			children = (
				485BC04B210F4AD6003835D3 /* MapKit.framework */,
			);
			name = Frameworks;
			sourceTree = "<group>";
		};
/* End PBXGroup section */

/* Begin PBXNativeTarget section */
		485BC030210F475C003835D3 /* testmapkit */ = {
			isa = PBXNativeTarget;
			buildConfigurationList = 485BC047210F475C003835D3 /* Build configuration list for PBXNativeTarget "testmapkit" */;
			buildPhases = (
				485BC02D210F475C003835D3 /* Sources */,
				485BC02E210F475C003835D3 /* Frameworks */,
				485BC02F210F475C003835D3 /* Resources */,
			);
			buildRules = (
			);
			dependencies = (
			);
			name = testmapkit;
			productName = testmapkit;
			productReference = 485BC031210F475C003835D3 /* testmapkit.app */;
			productType = "com.apple.product-type.application";
		};
/* End PBXNativeTarget section */

/* Begin PBXProject section */
		485BC029210F475C003835D3 /* Project object */ = {
			isa = PBXProject;
			attributes = {
				LastUpgradeCheck = 0920;
				ORGANIZATIONNAME = HungNV;
				TargetAttributes = {
					485BC030210F475C003835D3 = {
						CreatedOnToolsVersion = 9.2;
						ProvisioningStyle = Automatic;
					};
				};
			};
			buildConfigurationList = 485BC02C210F475C003835D3 /* Build configuration list for PBXProject "testmapkit" */;
			compatibilityVersion = "Xcode 8.0";
			developmentRegion = en;
			hasScannedForEncodings = 0;
			knownRegions = (
				en,
				Base,
			);
			mainGroup = 485BC028210F475C003835D3;
			productRefGroup = 485BC032210F475C003835D3 /* Products */;
			projectDirPath = "";
			projectRoot = "";
			targets = (
				485BC030210F475C003835D3 /* testmapkit */,
			);
		};
/* End PBXProject section */

/* Begin PBXResourcesBuildPhase section */
		485BC02F210F475C003835D3 /* Resources */ = {
			isa = PBXResourcesBuildPhase;
			buildActionMask = 2147483647;
			files = (
				485BC041210F475C003835D3 /* LaunchScreen.storyboard in Resources */,
				485BC03E210F475C003835D3 /* Assets.xcassets in Resources */,
				485BC03C210F475C003835D3 /* Main.storyboard in Resources */,
			);
			runOnlyForDeploymentPostprocessing = 0;
		};
/* End PBXResourcesBuildPhase section */

/* Begin PBXSourcesBuildPhase section */
		485BC02D210F475C003835D3 /* Sources */ = {
			isa = PBXSourcesBuildPhase;
			buildActionMask = 2147483647;
			files = (
				485BC039210F475C003835D3 /* ViewController.m in Sources */,
				485BC044210F475C003835D3 /* main.m in Sources */,
				485BC036210F475C003835D3 /* AppDelegate.m in Sources */,
			);
			runOnlyForDeploymentPostprocessing = 0;
		};
/* End PBXSourcesBuildPhase section */

/* Begin PBXVariantGroup section */
		485BC03A210F475C003835D3 /* Main.storyboard */ = {
			isa = PBXVariantGroup;
			children = (
				485BC03B210F475C003835D3 /* Base */,
			);
			name = Main.storyboard;
			sourceTree = "<group>";
		};
		485BC03F210F475C003835D3 /* LaunchScreen.storyboard */ = {
			isa = PBXVariantGroup;
			children = (
				485BC040210F475C003835D3 /* Base */,
			);
			name = LaunchScreen.storyboard;
			sourceTree = "<group>";
		};
/* End PBXVariantGroup section */

/* Begin XCBuildConfiguration section */
		485BC045210F475C003835D3 /* Debug */ = {
			isa = XCBuildConfiguration;
			buildSettings = {
				ALWAYS_SEARCH_USER_PATHS = NO;
				CLANG_ANALYZER_NONNULL = YES;
				CLANG_ANALYZER_NUMBER_OBJECT_CONVERSION = YES_AGGRESSIVE;
				CLANG_CXX_LANGUAGE_STANDARD = "gnu++14";
				CLANG_CXX_LIBRARY = "libc++";
				CLANG_ENABLE_MODULES = YES;
				CLANG_ENABLE_OBJC_ARC = YES;
				CLANG_WARN_BLOCK_CAPTURE_AUTORELEASING = YES;
				CLANG_WARN_BOOL_CONVERSION = YES;
				CLANG_WARN_COMMA = YES;
				CLANG_WARN_CONSTANT_CONVERSION = YES;
				CLANG_WARN_DIRECT_OBJC_ISA_USAGE = YES_ERROR;
				CLANG_WARN_DOCUMENTATION_COMMENTS = YES;
				CLANG_WARN_EMPTY_BODY = YES;
				CLANG_WARN_ENUM_CONVERSION = YES;
				CLANG_WARN_INFINITE_RECURSION = YES;
				CLANG_WARN_INT_CONVERSION = YES;
				CLANG_WARN_NON_LITERAL_NULL_CONVERSION = YES;
				CLANG_WARN_OBJC_LITERAL_CONVERSION = YES;
				CLANG_WARN_OBJC_ROOT_CLASS = YES_ERROR;
				CLANG_WARN_RANGE_LOOP_ANALYSIS = YES;
				CLANG_WARN_STRICT_PROTOTYPES = YES;
				CLANG_WARN_SUSPICIOUS_MOVE = YES;
				CLANG_WARN_UNGUARDED_AVAILABILITY = YES_AGGRESSIVE;
				CLANG_WARN_UNREACHABLE_CODE = YES;
				CLANG_WARN__DUPLICATE_METHOD_MATCH = YES;
				CODE_SIGN_IDENTITY = "iPhone Developer";
				COPY_PHASE_STRIP = NO;
				DEBUG_INFORMATION_FORMAT = dwarf;
				ENABLE_STRICT_OBJC_MSGSEND = YES;
				ENABLE_TESTABILITY = YES;
				GCC_C_LANGUAGE_STANDARD = gnu11;
				GCC_DYNAMIC_NO_PIC = NO;
				GCC_NO_COMMON_BLOCKS = YES;
				GCC_OPTIMIZATION_LEVEL = 0;
				GCC_PREPROCESSOR_DEFINITIONS = (
					"DEBUG=1",
					"$(inherited)",
				);
				GCC_WARN_64_TO_32_BIT_CONVERSION = YES;
				GCC_WARN_ABOUT_RETURN_TYPE = YES_ERROR;
				GCC_WARN_UNDECLARED_SELECTOR = YES;
				GCC_WARN_UNINITIALIZED_AUTOS = YES_AGGRESSIVE;
				GCC_WARN_UNUSED_FUNCTION = YES;
				GCC_WARN_UNUSED_VARIABLE = YES;
				IPHONEOS_DEPLOYMENT_TARGET = 11.2;
				MTL_ENABLE_DEBUG_INFO = YES;
				ONLY_ACTIVE_ARCH = YES;
				SDKROOT = iphoneos;
			};
			name = Debug;
		};
		485BC046210F475C003835D3 /* Release */ = {
			isa = XCBuildConfiguration;
			buildSettings = {
				ALWAYS_SEARCH_USER_PATHS = NO;
				CLANG_ANALYZER_NONNULL = YES;
				CLANG_ANALYZER_NUMBER_OBJECT_CONVERSION = YES_AGGRESSIVE;
				CLANG_CXX_LANGUAGE_STANDARD = "gnu++14";
				CLANG_CXX_LIBRARY = "libc++";
				CLANG_ENABLE_MODULES = YES;
				CLANG_ENABLE_OBJC_ARC = YES;
				CLANG_WARN_BLOCK_CAPTURE_AUTORELEASING = YES;
				CLANG_WARN_BOOL_CONVERSION = YES;
				CLANG_WARN_COMMA = YES;
				CLANG_WARN_CONSTANT_CONVERSION = YES;
				CLANG_WARN_DIRECT_OBJC_ISA_USAGE = YES_ERROR;
				CLANG_WARN_DOCUMENTATION_COMMENTS = YES;
				CLANG_WARN_EMPTY_BODY = YES;
				CLANG_WARN_ENUM_CONVERSION = YES;
				CLANG_WARN_INFINITE_RECURSION = YES;
				CLANG_WARN_INT_CONVERSION = YES;
				CLANG_WARN_NON_LITERAL_NULL_CONVERSION = YES;
				CLANG_WARN_OBJC_LITERAL_CONVERSION = YES;
				CLANG_WARN_OBJC_ROOT_CLASS = YES_ERROR;
				CLANG_WARN_RANGE_LOOP_ANALYSIS = YES;
				CLANG_WARN_STRICT_PROTOTYPES = YES;
				CLANG_WARN_SUSPICIOUS_MOVE = YES;
				CLANG_WARN_UNGUARDED_AVAILABILITY = YES_AGGRESSIVE;
				CLANG_WARN_UNREACHABLE_CODE = YES;
				CLANG_WARN__DUPLICATE_METHOD_MATCH = YES;
				CODE_SIGN_IDENTITY = "iPhone Developer";
				COPY_PHASE_STRIP = NO;
				DEBUG_INFORMATION_FORMAT = "dwarf-with-dsym";
				ENABLE_NS_ASSERTIONS = NO;
				ENABLE_STRICT_OBJC_MSGSEND = YES;
				GCC_C_LANGUAGE_STANDARD = gnu11;
				GCC_NO_COMMON_BLOCKS = YES;
				GCC_WARN_64_TO_32_BIT_CONVERSION = YES;
				GCC_WARN_ABOUT_RETURN_TYPE = YES_ERROR;
				GCC_WARN_UNDECLARED_SELECTOR = YES;
				GCC_WARN_UNINITIALIZED_AUTOS = YES_AGGRESSIVE;
				GCC_WARN_UNUSED_FUNCTION = YES;
				GCC_WARN_UNUSED_VARIABLE = YES;
				IPHONEOS_DEPLOYMENT_TARGET = 11.2;
				MTL_ENABLE_DEBUG_INFO = NO;
				SDKROOT = iphoneos;
				VALIDATE_PRODUCT = YES;
			};
			name = Release;
		};
		485BC048210F475C003835D3 /* Debug */ = {
			isa = XCBuildConfiguration;
			buildSettings = {
				ASSETCATALOG_COMPILER_APPICON_NAME = AppIcon;
				CODE_SIGN_STYLE = Automatic;
				DEVELOPMENT_TEAM = WN9FR2WF7Q;
				INFOPLIST_FILE = testmapkit/Info.plist;
				IPHONEOS_DEPLOYMENT_TARGET = 10;
				LD_RUNPATH_SEARCH_PATHS = "$(inherited) @executable_path/Frameworks";
				PRODUCT_BUNDLE_IDENTIFIER = io.github.vfahungnv.testmapkit;
				PRODUCT_NAME = "$(TARGET_NAME)";
				TARGETED_DEVICE_FAMILY = "1,2";
			};
			name = Debug;
		};
		485BC049210F475C003835D3 /* Release */ = {
			isa = XCBuildConfiguration;
			buildSettings = {
				ASSETCATALOG_COMPILER_APPICON_NAME = AppIcon;
				CODE_SIGN_STYLE = Automatic;
				DEVELOPMENT_TEAM = WN9FR2WF7Q;
				INFOPLIST_FILE = testmapkit/Info.plist;
				IPHONEOS_DEPLOYMENT_TARGET = 10;
				LD_RUNPATH_SEARCH_PATHS = "$(inherited) @executable_path/Frameworks";
				PRODUCT_BUNDLE_IDENTIFIER = io.github.vfahungnv.testmapkit;
				PRODUCT_NAME = "$(TARGET_NAME)";
				TARGETED_DEVICE_FAMILY = "1,2";
			};
			name = Release;
		};
/* End XCBuildConfiguration section */

/* Begin XCConfigurationList section */
		485BC02C210F475C003835D3 /* Build configuration list for PBXProject "testmapkit" */ = {
			isa = XCConfigurationList;
			buildConfigurations = (
				485BC045210F475C003835D3 /* Debug */,
				485BC046210F475C003835D3 /* Release */,
			);
			defaultConfigurationIsVisible = 0;
			defaultConfigurationName = Release;
		};
		485BC047210F475C003835D3 /* Build configuration list for PBXNativeTarget "testmapkit" */ = {
			isa = XCConfigurationList;
			buildConfigurations = (
				485BC048210F475C003835D3 /* Debug */,
				485BC049210F475C003835D3 /* Release */,
			);
			defaultConfigurationIsVisible = 0;
			defaultConfigurationName = Release;
		};
/* End XCConfigurationList section */
	};
	rootObject = 485BC029210F475C003835D3 /* Project object */;
}
